
Microsoft Visual Studio Solution File, Format Version 12.00
# Visual Studio Version 17
VisualStudioVersion = 17.12.35707.178
MinimumVisualStudioVersion = 10.0.40219.1
Project("{FAE04EC0-301F-11D3-BF4B-00C04F79EFBC}") = "Jwt_OAuth_Security_For_API", "Jwt_OAuth_Security_For_API\Jwt_OAuth_Security_For_API.csproj", "{09234AD1-6D72-469F-A764-369280002076}"
EndProject
Project("{FAE04EC0-301F-11D3-BF4B-00C04F79EFBC}") = "WebAPI", "WebAPI\WebAPI.csproj", "{12A68BF3-E4DB-465E-8708-BDD5A83DBE2E}"
EndProject
Global
	GlobalSection(SolutionConfigurationPlatforms) = preSolution
		Debug|Any CPU = Debug|Any CPU
		Release|Any CPU = Release|Any CPU
	EndGlobalSection
	GlobalSection(ProjectConfigurationPlatforms) = postSolution
		{09234AD1-6D72-469F-A764-369280002076}.Debug|Any CPU.ActiveCfg = Debug|Any CPU
		{09234AD1-6D72-469F-A764-369280002076}.Debug|Any CPU.Build.0 = Debug|Any CPU
		{09234AD1-6D72-469F-A764-369280002076}.Release|Any CPU.ActiveCfg = Release|Any CPU
		{09234AD1-6D72-469F-A764-369280002076}.Release|Any CPU.Build.0 = Release|Any CPU
		{12A68BF3-E4DB-465E-8708-BDD5A83DBE2E}.Debug|Any CPU.ActiveCfg = Debug|Any CPU
		{12A68BF3-E4DB-465E-8708-BDD5A83DBE2E}.Debug|Any CPU.Build.0 = Debug|Any CPU
		{12A68BF3-E4DB-465E-8708-BDD5A83DBE2E}.Release|Any CPU.ActiveCfg = Release|Any CPU
		{12A68BF3-E4DB-465E-8708-BDD5A83DBE2E}.Release|Any CPU.Build.0 = Release|Any CPU
	EndGlobalSection
	GlobalSection(SolutionProperties) = preSolution
		HideSolutionNode = FALSE
	EndGlobalSection
EndGlobal
